
Microsoft Visual Studio Solution File, Format Version 12.00
# Visual Studio Version 16
VisualStudioVersion = 16.0.30907.101
MinimumVisualStudioVersion = 10.0.40219.1
Project("{FAE04EC0-301F-11D3-BF4B-00C04F79EFBC}") = "Elemendide_App.Android", "Elemendide_App.Android\Elemendide_App.Android.csproj", "{E95C6ACE-CD9C-4146-9D76-66D1C8B8D7B1}"
EndProject
Project("{FAE04EC0-301F-11D3-BF4B-00C04F79EFBC}") = "Elemendide_App", "Elemendide_App\Elemendide_App.csproj", "{FB899BA9-AB91-41BC-910A-727D1415D13B}"
EndProject
Global
	GlobalSection(SolutionConfigurationPlatforms) = preSolution
		Debug|Any CPU = Debug|Any CPU
		Release|Any CPU = Release|Any CPU
	EndGlobalSection
	GlobalSection(ProjectConfigurationPlatforms) = postSolution
		{E95C6ACE-CD9C-4146-9D76-66D1C8B8D7B1}.Debug|Any CPU.ActiveCfg = Debug|Any CPU
		{E95C6ACE-CD9C-4146-9D76-66D1C8B8D7B1}.Debug|Any CPU.Build.0 = Debug|Any CPU
		{E95C6ACE-CD9C-4146-9D76-66D1C8B8D7B1}.Debug|Any CPU.Deploy.0 = Debug|Any CPU
		{E95C6ACE-CD9C-4146-9D76-66D1C8B8D7B1}.Release|Any CPU.ActiveCfg = Release|Any CPU
		{E95C6ACE-CD9C-4146-9D76-66D1C8B8D7B1}.Release|Any CPU.Build.0 = Release|Any CPU
		{E95C6ACE-CD9C-4146-9D76-66D1C8B8D7B1}.Release|Any CPU.Deploy.0 = Release|Any CPU
		{FB899BA9-AB91-41BC-910A-727D1415D13B}.Debug|Any CPU.ActiveCfg = Debug|Any CPU
		{FB899BA9-AB91-41BC-910A-727D1415D13B}.Debug|Any CPU.Build.0 = Debug|Any CPU
		{FB899BA9-AB91-41BC-910A-727D1415D13B}.Debug|Any CPU.Deploy.0 = Debug|Any CPU
		{FB899BA9-AB91-41BC-910A-727D1415D13B}.Release|Any CPU.ActiveCfg = Release|Any CPU
		{FB899BA9-AB91-41BC-910A-727D1415D13B}.Release|Any CPU.Build.0 = Release|Any CPU
		{FB899BA9-AB91-41BC-910A-727D1415D13B}.Release|Any CPU.Deploy.0 = Release|Any CPU
	EndGlobalSection
	GlobalSection(SolutionProperties) = preSolution
		HideSolutionNode = FALSE
	EndGlobalSection
	GlobalSection(ExtensibilityGlobals) = postSolution
		SolutionGuid = {FE85D15C-042D-4580-8E6F-2EEBABEA7886}
	EndGlobalSection
EndGlobal
